
Microsoft Visual Studio Solution File, Format Version 11.00
# Visual Studio 2010
Project("{FAE04EC0-301F-11D3-BF4B-00C04F79EFBC}") = "AmakoziPDF", "AmakoziPDF\AmakoziPDF.csproj", "{527A107B-D0E0-4B88-9611-0A5B702784AF}"
EndProject
Global
	GlobalSection(SolutionConfigurationPlatforms) = preSolution
		Debug|Any CPU = Debug|Any CPU
		Release|Any CPU = Release|Any CPU
	EndGlobalSection
	GlobalSection(ProjectConfigurationPlatforms) = postSolution
		{527A107B-D0E0-4B88-9611-0A5B702784AF}.Debug|Any CPU.ActiveCfg = Debug|Any CPU
		{527A107B-D0E0-4B88-9611-0A5B702784AF}.Debug|Any CPU.Build.0 = Debug|Any CPU
		{527A107B-D0E0-4B88-9611-0A5B702784AF}.Release|Any CPU.ActiveCfg = Release|Any CPU
		{527A107B-D0E0-4B88-9611-0A5B702784AF}.Release|Any CPU.Build.0 = Release|Any CPU
	EndGlobalSection
	GlobalSection(SolutionProperties) = preSolution
		HideSolutionNode = FALSE
	EndGlobalSection
EndGlobal
